{
  "version": 4,
  "terraform_version": "1.11.0",
  "serial": 12,
  "lineage": "cb0c6968-10fa-3e36-22d3-374333bd17c8",
  "outputs": {},
  "resources": [
    {
      "mode": "data",
      "type": "azurerm_storage_account",
      "name": "asa",
      "provider": "provider[\"registry.terraform.io/hashicorp/azurerm\"]",
      "instances": [
        {
          "schema_version": 0,
          "attributes": {
            "access_tier": "Hot",
            "account_kind": "StorageV2",
            "account_replication_type": "LRS",
            "account_tier": "Standard",
            "allow_nested_items_to_be_public": true,
            "azure_files_authentication": [],
            "custom_domain": [],
            "dns_endpoint_type": "Standard",
            "https_traffic_only_enabled": true,
            "id": "/subscriptions/cb5ac1da-39ac-4bb2-9d42-9c50b7e1b071/resourceGroups/az-104/providers/Microsoft.Storage/storageAccounts/phaniazure",
            "identity": [],
            "infrastructure_encryption_enabled": false,
            "is_hns_enabled": false,
            "location": "eastus",
            "min_tls_version": "TLS1_2",
            "name": "phaniazure",
            "nfsv3_enabled": false,
            "primary_access_key": "BMYiE6YaqNCUlTLlQIMhhOEMo5CWa0tkWNGF0A175g56rsyXDv4UxpTFaDHpqK2No9EqiLoKaSct+AStHfZdcQ==",
            "primary_blob_connection_string": "DefaultEndpointsProtocol=https;BlobEndpoint=https://phaniazure.blob.core.windows.net/;AccountName=phaniazure;AccountKey=BMYiE6YaqNCUlTLlQIMhhOEMo5CWa0tkWNGF0A175g56rsyXDv4UxpTFaDHpqK2No9EqiLoKaSct+AStHfZdcQ==",
            "primary_blob_endpoint": "https://phaniazure.blob.core.windows.net/",
            "primary_blob_host": "phaniazure.blob.core.windows.net",
            "primary_blob_internet_endpoint": "",
            "primary_blob_internet_host": "",
            "primary_blob_microsoft_endpoint": "",
            "primary_blob_microsoft_host": "",
            "primary_connection_string": "DefaultEndpointsProtocol=https;AccountName=phaniazure;AccountKey=BMYiE6YaqNCUlTLlQIMhhOEMo5CWa0tkWNGF0A175g56rsyXDv4UxpTFaDHpqK2No9EqiLoKaSct+AStHfZdcQ==;EndpointSuffix=core.windows.net",
            "primary_dfs_endpoint": "https://phaniazure.dfs.core.windows.net/",
            "primary_dfs_host": "phaniazure.dfs.core.windows.net",
            "primary_dfs_internet_endpoint": "",
            "primary_dfs_internet_host": "",
            "primary_dfs_microsoft_endpoint": "",
            "primary_dfs_microsoft_host": "",
            "primary_file_endpoint": "https://phaniazure.file.core.windows.net/",
            "primary_file_host": "phaniazure.file.core.windows.net",
            "primary_file_internet_endpoint": "",
            "primary_file_internet_host": "",
            "primary_file_microsoft_endpoint": "",
            "primary_file_microsoft_host": "",
            "primary_location": "eastus",
            "primary_queue_endpoint": "https://phaniazure.queue.core.windows.net/",
            "primary_queue_host": "phaniazure.queue.core.windows.net",
            "primary_queue_microsoft_endpoint": "",
            "primary_queue_microsoft_host": "",
            "primary_table_endpoint": "https://phaniazure.table.core.windows.net/",
            "primary_table_host": "phaniazure.table.core.windows.net",
            "primary_table_microsoft_endpoint": "",
            "primary_table_microsoft_host": "",
            "primary_web_endpoint": "https://phaniazure.z13.web.core.windows.net/",
            "primary_web_host": "phaniazure.z13.web.core.windows.net",
            "primary_web_internet_endpoint": "",
            "primary_web_internet_host": "",
            "primary_web_microsoft_endpoint": "",
            "primary_web_microsoft_host": "",
            "queue_encryption_key_type": "Service",
            "resource_group_name": "az-104",
            "secondary_access_key": "IqVtUqDbwk+1JkVgHIlT5zQwMqzjDmROwbGGJJUgUntdTqKs2Ih3bJZYFH1Za+s6wJhNuxUTsAEF+ASta39rRg==",
            "secondary_blob_connection_string": "",
            "secondary_blob_endpoint": "",
            "secondary_blob_host": "",
            "secondary_blob_internet_endpoint": "",
            "secondary_blob_internet_host": "",
            "secondary_blob_microsoft_endpoint": "",
            "secondary_blob_microsoft_host": "",
            "secondary_connection_string": "DefaultEndpointsProtocol=https;AccountName=phaniazure;AccountKey=IqVtUqDbwk+1JkVgHIlT5zQwMqzjDmROwbGGJJUgUntdTqKs2Ih3bJZYFH1Za+s6wJhNuxUTsAEF+ASta39rRg==;EndpointSuffix=core.windows.net",
            "secondary_dfs_endpoint": "",
            "secondary_dfs_host": "",
            "secondary_dfs_internet_endpoint": "",
            "secondary_dfs_internet_host": "",
            "secondary_dfs_microsoft_endpoint": "",
            "secondary_dfs_microsoft_host": "",
            "secondary_file_endpoint": "",
            "secondary_file_host": "",
            "secondary_file_internet_endpoint": "",
            "secondary_file_internet_host": "",
            "secondary_file_microsoft_endpoint": "",
            "secondary_file_microsoft_host": "",
            "secondary_location": "",
            "secondary_queue_endpoint": "",
            "secondary_queue_host": "",
            "secondary_queue_microsoft_endpoint": "",
            "secondary_queue_microsoft_host": "",
            "secondary_table_endpoint": "",
            "secondary_table_host": "",
            "secondary_table_microsoft_endpoint": "",
            "secondary_table_microsoft_host": "",
            "secondary_web_endpoint": "",
            "secondary_web_host": "",
            "secondary_web_internet_endpoint": "",
            "secondary_web_internet_host": "",
            "secondary_web_microsoft_endpoint": "",
            "secondary_web_microsoft_host": "",
            "table_encryption_key_type": "Service",
            "tags": {
              "env": "dev"
            },
            "timeouts": null
          },
          "sensitive_attributes": [
            [
              {
                "type": "get_attr",
                "value": "primary_access_key"
              }
            ],
            [
              {
                "type": "get_attr",
                "value": "secondary_access_key"
              }
            ],
            [
              {
                "type": "get_attr",
                "value": "primary_blob_connection_string"
              }
            ],
            [
              {
                "type": "get_attr",
                "value": "secondary_blob_connection_string"
              }
            ],
            [
              {
                "type": "get_attr",
                "value": "secondary_connection_string"
              }
            ],
            [
              {
                "type": "get_attr",
                "value": "primary_connection_string"
              }
            ]
          ]
        }
      ]
    },
    {
      "mode": "managed",
      "type": "azurerm_storage_container",
      "name": "azureblob",
      "provider": "provider[\"registry.terraform.io/hashicorp/azurerm\"]",
      "instances": [
        {
          "schema_version": 1,
          "attributes": {
            "container_access_type": "container",
            "default_encryption_scope": "$account-encryption-key",
            "encryption_scope_override_enabled": true,
            "has_immutability_policy": false,
            "has_legal_hold": false,
            "id": "/subscriptions/cb5ac1da-39ac-4bb2-9d42-9c50b7e1b071/resourceGroups/az-104/providers/Microsoft.Storage/storageAccounts/phaniazure/blobServices/default/containers/content",
            "metadata": {},
            "name": "content",
            "resource_manager_id": "/subscriptions/cb5ac1da-39ac-4bb2-9d42-9c50b7e1b071/resourceGroups/az-104/providers/Microsoft.Storage/storageAccounts/phaniazure/blobServices/default/containers/content",
            "storage_account_id": "/subscriptions/cb5ac1da-39ac-4bb2-9d42-9c50b7e1b071/resourceGroups/az-104/providers/Microsoft.Storage/storageAccounts/phaniazure",
            "storage_account_name": "",
            "timeouts": null
          },
          "sensitive_attributes": [],
          "private": "eyJlMmJmYjczMC1lY2FhLTExZTYtOGY4OC0zNDM2M2JjN2M0YzAiOnsiY3JlYXRlIjoxODAwMDAwMDAwMDAwLCJkZWxldGUiOjE4MDAwMDAwMDAwMDAsInJlYWQiOjMwMDAwMDAwMDAwMCwidXBkYXRlIjoxODAwMDAwMDAwMDAwfSwic2NoZW1hX3ZlcnNpb24iOiIxIn0=",
          "dependencies": [
            "data.azurerm_storage_account.asa"
          ]
        }
      ]
    },
    {
      "mode": "managed",
      "type": "azurerm_storage_share",
      "name": "fileshare",
      "provider": "provider[\"registry.terraform.io/hashicorp/azurerm\"]",
      "instances": [
        {
          "schema_version": 2,
          "attributes": {
            "access_tier": "TransactionOptimized",
            "acl": [],
            "enabled_protocol": "SMB",
            "id": "/subscriptions/cb5ac1da-39ac-4bb2-9d42-9c50b7e1b071/resourceGroups/az-104/providers/Microsoft.Storage/storageAccounts/phaniazure/fileServices/default/shares/fileshare",
            "metadata": {},
            "name": "fileshare",
            "quota": 50,
            "resource_manager_id": "/subscriptions/cb5ac1da-39ac-4bb2-9d42-9c50b7e1b071/resourceGroups/az-104/providers/Microsoft.Storage/storageAccounts/phaniazure/fileServices/default/shares/fileshare",
            "storage_account_id": "/subscriptions/cb5ac1da-39ac-4bb2-9d42-9c50b7e1b071/resourceGroups/az-104/providers/Microsoft.Storage/storageAccounts/phaniazure",
            "storage_account_name": "",
            "timeouts": null,
            "url": "https://phaniazure.file.core.windows.net/fileshare"
          },
          "sensitive_attributes": [],
          "private": "eyJlMmJmYjczMC1lY2FhLTExZTYtOGY4OC0zNDM2M2JjN2M0YzAiOnsiY3JlYXRlIjoxODAwMDAwMDAwMDAwLCJkZWxldGUiOjE4MDAwMDAwMDAwMDAsInJlYWQiOjMwMDAwMDAwMDAwMCwidXBkYXRlIjoxODAwMDAwMDAwMDAwfSwic2NoZW1hX3ZlcnNpb24iOiIyIn0=",
          "dependencies": [
            "data.azurerm_storage_account.asa"
          ]
        }
      ]
    }
  ],
  "check_results": null
}
